
Microsoft Visual Studio Solution File, Format Version 12.00
# Visual Studio Version 17
VisualStudioVersion = 17.14.36518.9 d17.14
MinimumVisualStudioVersion = 10.0.40219.1
Project("{FAE04EC0-301F-11D3-BF4B-00C04F79EFBC}") = "NutBuddiesApp", "NutBuddiesApp\NutBuddiesApp.csproj", "{B2624745-C19A-40BB-AA7E-E4A077C701A6}"
EndProject
Project("{FAE04EC0-301F-11D3-BF4B-00C04F79EFBC}") = "Proiect", "..\Web\Proiect\Proiect.csproj", "{F06D47EE-58BC-1020-4CB3-96A471469964}"
EndProject
Global
	GlobalSection(SolutionConfigurationPlatforms) = preSolution
		Debug|Any CPU = Debug|Any CPU
		Release|Any CPU = Release|Any CPU
	EndGlobalSection
	GlobalSection(ProjectConfigurationPlatforms) = postSolution
		{B2624745-C19A-40BB-AA7E-E4A077C701A6}.Debug|Any CPU.ActiveCfg = Debug|Any CPU
		{B2624745-C19A-40BB-AA7E-E4A077C701A6}.Debug|Any CPU.Build.0 = Debug|Any CPU
		{B2624745-C19A-40BB-AA7E-E4A077C701A6}.Release|Any CPU.ActiveCfg = Release|Any CPU
		{B2624745-C19A-40BB-AA7E-E4A077C701A6}.Release|Any CPU.Build.0 = Release|Any CPU
		{F06D47EE-58BC-1020-4CB3-96A471469964}.Debug|Any CPU.ActiveCfg = Debug|Any CPU
		{F06D47EE-58BC-1020-4CB3-96A471469964}.Debug|Any CPU.Build.0 = Debug|Any CPU
		{F06D47EE-58BC-1020-4CB3-96A471469964}.Release|Any CPU.ActiveCfg = Release|Any CPU
		{F06D47EE-58BC-1020-4CB3-96A471469964}.Release|Any CPU.Build.0 = Release|Any CPU
	EndGlobalSection
	GlobalSection(SolutionProperties) = preSolution
		HideSolutionNode = FALSE
	EndGlobalSection
	GlobalSection(ExtensibilityGlobals) = postSolution
		SolutionGuid = {30B14A17-EA9A-4747-94B6-2C9B19F34A89}
	EndGlobalSection
EndGlobal
